// !$*UTF8*$!
{
	archiveVersion = 1;
	classes = {
	};
	objectVersion = 46;
	objects = {

/* Begin PBXBuildFile section */
		BBAB23CB13894F3D00AA2426 /* GLUT.framework in CopyFiles */ = {isa = PBXBuildFile; fileRef = BBAB23BE13894E4700AA2426 /* GLUT.framework */; };
		DE0CC0761AD30B5E002D5744 /* IpEndpointName.cpp in Sources */ = {isa = PBXBuildFile; fileRef = DE0CC0471AD30B5E002D5744 /* IpEndpointName.cpp */; };
		DE0CC0771AD30B5E002D5744 /* NetworkingUtils.cpp in Sources */ = {isa = PBXBuildFile; fileRef = DE0CC04C1AD30B5E002D5744 /* NetworkingUtils.cpp */; };
		DE0CC0781AD30B5E002D5744 /* UdpSocket.cpp in Sources */ = {isa = PBXBuildFile; fileRef = DE0CC04D1AD30B5E002D5744 /* UdpSocket.cpp */; };
		DE0CC07B1AD30B5E002D5744 /* OscOutboundPacketStream.cpp in Sources */ = {isa = PBXBuildFile; fileRef = DE0CC0571AD30B5E002D5744 /* OscOutboundPacketStream.cpp */; };
		DE0CC07C1AD30B5E002D5744 /* OscPrintReceivedElements.cpp in Sources */ = {isa = PBXBuildFile; fileRef = DE0CC05A1AD30B5E002D5744 /* OscPrintReceivedElements.cpp */; };
		DE0CC07D1AD30B5E002D5744 /* OscReceivedElements.cpp in Sources */ = {isa = PBXBuildFile; fileRef = DE0CC05C1AD30B5E002D5744 /* OscReceivedElements.cpp */; };
		DE0CC07E1AD30B5E002D5744 /* OscTypes.cpp in Sources */ = {isa = PBXBuildFile; fileRef = DE0CC05E1AD30B5E002D5744 /* OscTypes.cpp */; };
		DE0CC07F1AD30B5E002D5744 /* ofxOscBundle.cpp in Sources */ = {isa = PBXBuildFile; fileRef = DE0CC0631AD30B5E002D5744 /* ofxOscBundle.cpp */; };
		DE0CC0801AD30B5E002D5744 /* ofxOscMessage.cpp in Sources */ = {isa = PBXBuildFile; fileRef = DE0CC0651AD30B5E002D5744 /* ofxOscMessage.cpp */; };
		DE0CC0811AD30B5E002D5744 /* ofxOscParameterSync.cpp in Sources */ = {isa = PBXBuildFile; fileRef = DE0CC0671AD30B5E002D5744 /* ofxOscParameterSync.cpp */; };
		DE0CC0821AD30B5E002D5744 /* ofxOscReceiver.cpp in Sources */ = {isa = PBXBuildFile; fileRef = DE0CC0691AD30B5E002D5744 /* ofxOscReceiver.cpp */; };
		DE0CC0831AD30B5E002D5744 /* ofxOscSender.cpp in Sources */ = {isa = PBXBuildFile; fileRef = DE0CC06B1AD30B5E002D5744 /* ofxOscSender.cpp */; };
		DE0CC0841AD30B5E002D5744 /* tinyxml.cpp in Sources */ = {isa = PBXBuildFile; fileRef = DE0CC06F1AD30B5E002D5744 /* tinyxml.cpp */; };
		DE0CC0851AD30B5E002D5744 /* tinyxmlerror.cpp in Sources */ = {isa = PBXBuildFile; fileRef = DE0CC0711AD30B5E002D5744 /* tinyxmlerror.cpp */; };
		DE0CC0861AD30B5E002D5744 /* tinyxmlparser.cpp in Sources */ = {isa = PBXBuildFile; fileRef = DE0CC0721AD30B5E002D5744 /* tinyxmlparser.cpp */; };
		DE0CC0871AD30B5E002D5744 /* ofxXmlSettings.cpp in Sources */ = {isa = PBXBuildFile; fileRef = DE0CC0741AD30B5E002D5744 /* ofxXmlSettings.cpp */; };
		DE229DC51C7B5A4100557EB4 /* Parser.cpp in Sources */ = {isa = PBXBuildFile; fileRef = DE229DC11C7B5A4100557EB4 /* Parser.cpp */; };
		DE229DC61C7B5A4100557EB4 /* Provider.cpp in Sources */ = {isa = PBXBuildFile; fileRef = DE229DC31C7B5A4100557EB4 /* Provider.cpp */; };
		DE229DC91C7B5A8E00557EB4 /* ParserCereal.cpp in Sources */ = {isa = PBXBuildFile; fileRef = DE229DC71C7B5A8E00557EB4 /* ParserCereal.cpp */; };
		DE229E191C7B5D3100557EB4 /* README.md in Sources */ = {isa = PBXBuildFile; fileRef = DE229E151C7B5D3100557EB4 /* README.md */; };
		E4328149138ABC9F0047C5CB /* openFrameworksDebug.a in Frameworks */ = {isa = PBXBuildFile; fileRef = E4328148138ABC890047C5CB /* openFrameworksDebug.a */; };
		E45BE97B0E8CC7DD009D7055 /* AGL.framework in Frameworks */ = {isa = PBXBuildFile; fileRef = E45BE9710E8CC7DD009D7055 /* AGL.framework */; };
		E45BE97C0E8CC7DD009D7055 /* ApplicationServices.framework in Frameworks */ = {isa = PBXBuildFile; fileRef = E45BE9720E8CC7DD009D7055 /* ApplicationServices.framework */; };
		E45BE97D0E8CC7DD009D7055 /* AudioToolbox.framework in Frameworks */ = {isa = PBXBuildFile; fileRef = E45BE9730E8CC7DD009D7055 /* AudioToolbox.framework */; };
		E45BE97F0E8CC7DD009D7055 /* CoreAudio.framework in Frameworks */ = {isa = PBXBuildFile; fileRef = E45BE9750E8CC7DD009D7055 /* CoreAudio.framework */; };
		E45BE9800E8CC7DD009D7055 /* CoreFoundation.framework in Frameworks */ = {isa = PBXBuildFile; fileRef = E45BE9760E8CC7DD009D7055 /* CoreFoundation.framework */; };
		E45BE9810E8CC7DD009D7055 /* CoreServices.framework in Frameworks */ = {isa = PBXBuildFile; fileRef = E45BE9770E8CC7DD009D7055 /* CoreServices.framework */; };
		E45BE9830E8CC7DD009D7055 /* OpenGL.framework in Frameworks */ = {isa = PBXBuildFile; fileRef = E45BE9790E8CC7DD009D7055 /* OpenGL.framework */; };
		E45BE9840E8CC7DD009D7055 /* QuickTime.framework in Frameworks */ = {isa = PBXBuildFile; fileRef = E45BE97A0E8CC7DD009D7055 /* QuickTime.framework */; };
		E4B69E200A3A1BDC003C02F2 /* main.cpp in Sources */ = {isa = PBXBuildFile; fileRef = E4B69E1D0A3A1BDC003C02F2 /* main.cpp */; };
		E4C2424710CC5A17004149E2 /* AppKit.framework in Frameworks */ = {isa = PBXBuildFile; fileRef = E4C2424410CC5A17004149E2 /* AppKit.framework */; };
		E4C2424810CC5A17004149E2 /* Cocoa.framework in Frameworks */ = {isa = PBXBuildFile; fileRef = E4C2424510CC5A17004149E2 /* Cocoa.framework */; };
		E4C2424910CC5A17004149E2 /* IOKit.framework in Frameworks */ = {isa = PBXBuildFile; fileRef = E4C2424610CC5A17004149E2 /* IOKit.framework */; };
		E4EB6799138ADC1D00A09F29 /* GLUT.framework in Frameworks */ = {isa = PBXBuildFile; fileRef = BBAB23BE13894E4700AA2426 /* GLUT.framework */; };
		E7E077E515D3B63C0020DFD4 /* CoreVideo.framework in Frameworks */ = {isa = PBXBuildFile; fileRef = E7E077E415D3B63C0020DFD4 /* CoreVideo.framework */; };
		E7E077E815D3B6510020DFD4 /* QTKit.framework in Frameworks */ = {isa = PBXBuildFile; fileRef = E7E077E715D3B6510020DFD4 /* QTKit.framework */; };
		E7F985F815E0DEA3003869B5 /* Accelerate.framework in Frameworks */ = {isa = PBXBuildFile; fileRef = E7F985F515E0DE99003869B5 /* Accelerate.framework */; };
/* End PBXBuildFile section */

/* Begin PBXContainerItemProxy section */
		E4328147138ABC890047C5CB /* PBXContainerItemProxy */ = {
			isa = PBXContainerItemProxy;
			containerPortal = E4328143138ABC890047C5CB /* openFrameworksLib.xcodeproj */;
			proxyType = 2;
			remoteGlobalIDString = E4B27C1510CBEB8E00536013;
			remoteInfo = openFrameworks;
		};
		E4EEB9AB138B136A00A80321 /* PBXContainerItemProxy */ = {
			isa = PBXContainerItemProxy;
			containerPortal = E4328143138ABC890047C5CB /* openFrameworksLib.xcodeproj */;
			proxyType = 1;
			remoteGlobalIDString = E4B27C1410CBEB8E00536013;
			remoteInfo = openFrameworks;
		};
/* End PBXContainerItemProxy section */

/* Begin PBXCopyFilesBuildPhase section */
		E4C2427710CC5ABF004149E2 /* CopyFiles */ = {
			isa = PBXCopyFilesBuildPhase;
			buildActionMask = 2147483647;
			dstPath = "";
			dstSubfolderSpec = 10;
			files = (
				BBAB23CB13894F3D00AA2426 /* GLUT.framework in CopyFiles */,
			);
			runOnlyForDeploymentPostprocessing = 0;
		};
/* End PBXCopyFilesBuildPhase section */

/* Begin PBXFileReference section */
		BBAB23BE13894E4700AA2426 /* GLUT.framework */ = {isa = PBXFileReference; lastKnownFileType = wrapper.framework; name = GLUT.framework; path = ../../../libs/glut/lib/osx/GLUT.framework; sourceTree = "<group>"; };
		DE0CC0471AD30B5E002D5744 /* IpEndpointName.cpp */ = {isa = PBXFileReference; fileEncoding = 4; lastKnownFileType = sourcecode.cpp.cpp; path = IpEndpointName.cpp; sourceTree = "<group>"; };
		DE0CC0481AD30B5E002D5744 /* IpEndpointName.h */ = {isa = PBXFileReference; fileEncoding = 4; lastKnownFileType = sourcecode.c.h; path = IpEndpointName.h; sourceTree = "<group>"; };
		DE0CC0491AD30B5E002D5744 /* NetworkingUtils.h */ = {isa = PBXFileReference; fileEncoding = 4; lastKnownFileType = sourcecode.c.h; path = NetworkingUtils.h; sourceTree = "<group>"; };
		DE0CC04A1AD30B5E002D5744 /* PacketListener.h */ = {isa = PBXFileReference; fileEncoding = 4; lastKnownFileType = sourcecode.c.h; path = PacketListener.h; sourceTree = "<group>"; };
		DE0CC04C1AD30B5E002D5744 /* NetworkingUtils.cpp */ = {isa = PBXFileReference; fileEncoding = 4; lastKnownFileType = sourcecode.cpp.cpp; path = NetworkingUtils.cpp; sourceTree = "<group>"; };
		DE0CC04D1AD30B5E002D5744 /* UdpSocket.cpp */ = {isa = PBXFileReference; fileEncoding = 4; lastKnownFileType = sourcecode.cpp.cpp; path = UdpSocket.cpp; sourceTree = "<group>"; };
		DE0CC04E1AD30B5E002D5744 /* TimerListener.h */ = {isa = PBXFileReference; fileEncoding = 4; lastKnownFileType = sourcecode.c.h; path = TimerListener.h; sourceTree = "<group>"; };
		DE0CC04F1AD30B5E002D5744 /* UdpSocket.h */ = {isa = PBXFileReference; fileEncoding = 4; lastKnownFileType = sourcecode.c.h; path = UdpSocket.h; sourceTree = "<group>"; };
		DE0CC0541AD30B5E002D5744 /* MessageMappingOscPacketListener.h */ = {isa = PBXFileReference; fileEncoding = 4; lastKnownFileType = sourcecode.c.h; path = MessageMappingOscPacketListener.h; sourceTree = "<group>"; };
		DE0CC0551AD30B5E002D5744 /* OscException.h */ = {isa = PBXFileReference; fileEncoding = 4; lastKnownFileType = sourcecode.c.h; path = OscException.h; sourceTree = "<group>"; };
		DE0CC0561AD30B5E002D5744 /* OscHostEndianness.h */ = {isa = PBXFileReference; fileEncoding = 4; lastKnownFileType = sourcecode.c.h; path = OscHostEndianness.h; sourceTree = "<group>"; };
		DE0CC0571AD30B5E002D5744 /* OscOutboundPacketStream.cpp */ = {isa = PBXFileReference; fileEncoding = 4; lastKnownFileType = sourcecode.cpp.cpp; path = OscOutboundPacketStream.cpp; sourceTree = "<group>"; };
		DE0CC0581AD30B5E002D5744 /* OscOutboundPacketStream.h */ = {isa = PBXFileReference; fileEncoding = 4; lastKnownFileType = sourcecode.c.h; path = OscOutboundPacketStream.h; sourceTree = "<group>"; };
		DE0CC0591AD30B5E002D5744 /* OscPacketListener.h */ = {isa = PBXFileReference; fileEncoding = 4; lastKnownFileType = sourcecode.c.h; path = OscPacketListener.h; sourceTree = "<group>"; };
		DE0CC05A1AD30B5E002D5744 /* OscPrintReceivedElements.cpp */ = {isa = PBXFileReference; fileEncoding = 4; lastKnownFileType = sourcecode.cpp.cpp; path = OscPrintReceivedElements.cpp; sourceTree = "<group>"; };
		DE0CC05B1AD30B5E002D5744 /* OscPrintReceivedElements.h */ = {isa = PBXFileReference; fileEncoding = 4; lastKnownFileType = sourcecode.c.h; path = OscPrintReceivedElements.h; sourceTree = "<group>"; };
		DE0CC05C1AD30B5E002D5744 /* OscReceivedElements.cpp */ = {isa = PBXFileReference; fileEncoding = 4; lastKnownFileType = sourcecode.cpp.cpp; path = OscReceivedElements.cpp; sourceTree = "<group>"; };
		DE0CC05D1AD30B5E002D5744 /* OscReceivedElements.h */ = {isa = PBXFileReference; fileEncoding = 4; lastKnownFileType = sourcecode.c.h; path = OscReceivedElements.h; sourceTree = "<group>"; };
		DE0CC05E1AD30B5E002D5744 /* OscTypes.cpp */ = {isa = PBXFileReference; fileEncoding = 4; lastKnownFileType = sourcecode.cpp.cpp; path = OscTypes.cpp; sourceTree = "<group>"; };
		DE0CC05F1AD30B5E002D5744 /* OscTypes.h */ = {isa = PBXFileReference; fileEncoding = 4; lastKnownFileType = sourcecode.c.h; path = OscTypes.h; sourceTree = "<group>"; };
		DE0CC0611AD30B5E002D5744 /* ofxOsc.h */ = {isa = PBXFileReference; fileEncoding = 4; lastKnownFileType = sourcecode.c.h; path = ofxOsc.h; sourceTree = "<group>"; };
		DE0CC0621AD30B5E002D5744 /* ofxOscArg.h */ = {isa = PBXFileReference; fileEncoding = 4; lastKnownFileType = sourcecode.c.h; path = ofxOscArg.h; sourceTree = "<group>"; };
		DE0CC0631AD30B5E002D5744 /* ofxOscBundle.cpp */ = {isa = PBXFileReference; fileEncoding = 4; lastKnownFileType = sourcecode.cpp.cpp; path = ofxOscBundle.cpp; sourceTree = "<group>"; };
		DE0CC0641AD30B5E002D5744 /* ofxOscBundle.h */ = {isa = PBXFileReference; fileEncoding = 4; lastKnownFileType = sourcecode.c.h; path = ofxOscBundle.h; sourceTree = "<group>"; };
		DE0CC0651AD30B5E002D5744 /* ofxOscMessage.cpp */ = {isa = PBXFileReference; fileEncoding = 4; lastKnownFileType = sourcecode.cpp.cpp; path = ofxOscMessage.cpp; sourceTree = "<group>"; };
		DE0CC0661AD30B5E002D5744 /* ofxOscMessage.h */ = {isa = PBXFileReference; fileEncoding = 4; lastKnownFileType = sourcecode.c.h; path = ofxOscMessage.h; sourceTree = "<group>"; };
		DE0CC0671AD30B5E002D5744 /* ofxOscParameterSync.cpp */ = {isa = PBXFileReference; fileEncoding = 4; lastKnownFileType = sourcecode.cpp.cpp; path = ofxOscParameterSync.cpp; sourceTree = "<group>"; };
		DE0CC0681AD30B5E002D5744 /* ofxOscParameterSync.h */ = {isa = PBXFileReference; fileEncoding = 4; lastKnownFileType = sourcecode.c.h; path = ofxOscParameterSync.h; sourceTree = "<group>"; };
		DE0CC0691AD30B5E002D5744 /* ofxOscReceiver.cpp */ = {isa = PBXFileReference; fileEncoding = 4; lastKnownFileType = sourcecode.cpp.cpp; path = ofxOscReceiver.cpp; sourceTree = "<group>"; };
		DE0CC06A1AD30B5E002D5744 /* ofxOscReceiver.h */ = {isa = PBXFileReference; fileEncoding = 4; lastKnownFileType = sourcecode.c.h; path = ofxOscReceiver.h; sourceTree = "<group>"; };
		DE0CC06B1AD30B5E002D5744 /* ofxOscSender.cpp */ = {isa = PBXFileReference; fileEncoding = 4; lastKnownFileType = sourcecode.cpp.cpp; path = ofxOscSender.cpp; sourceTree = "<group>"; };
		DE0CC06C1AD30B5E002D5744 /* ofxOscSender.h */ = {isa = PBXFileReference; fileEncoding = 4; lastKnownFileType = sourcecode.c.h; path = ofxOscSender.h; sourceTree = "<group>"; };
		DE0CC06F1AD30B5E002D5744 /* tinyxml.cpp */ = {isa = PBXFileReference; fileEncoding = 4; lastKnownFileType = sourcecode.cpp.cpp; path = tinyxml.cpp; sourceTree = "<group>"; };
		DE0CC0701AD30B5E002D5744 /* tinyxml.h */ = {isa = PBXFileReference; fileEncoding = 4; lastKnownFileType = sourcecode.c.h; path = tinyxml.h; sourceTree = "<group>"; };
		DE0CC0711AD30B5E002D5744 /* tinyxmlerror.cpp */ = {isa = PBXFileReference; fileEncoding = 4; lastKnownFileType = sourcecode.cpp.cpp; path = tinyxmlerror.cpp; sourceTree = "<group>"; };
		DE0CC0721AD30B5E002D5744 /* tinyxmlparser.cpp */ = {isa = PBXFileReference; fileEncoding = 4; lastKnownFileType = sourcecode.cpp.cpp; path = tinyxmlparser.cpp; sourceTree = "<group>"; };
		DE0CC0741AD30B5E002D5744 /* ofxXmlSettings.cpp */ = {isa = PBXFileReference; fileEncoding = 4; lastKnownFileType = sourcecode.cpp.cpp; path = ofxXmlSettings.cpp; sourceTree = "<group>"; };
		DE0CC0751AD30B5E002D5744 /* ofxXmlSettings.h */ = {isa = PBXFileReference; fileEncoding = 4; lastKnownFileType = sourcecode.c.h; path = ofxXmlSettings.h; sourceTree = "<group>"; };
		DE229DC01C7B5A4100557EB4 /* ofxVezer.h */ = {isa = PBXFileReference; fileEncoding = 4; lastKnownFileType = sourcecode.c.h; path = ofxVezer.h; sourceTree = "<group>"; };
		DE229DC11C7B5A4100557EB4 /* Parser.cpp */ = {isa = PBXFileReference; fileEncoding = 4; lastKnownFileType = sourcecode.cpp.cpp; path = Parser.cpp; sourceTree = "<group>"; };
		DE229DC21C7B5A4100557EB4 /* Parser.h */ = {isa = PBXFileReference; fileEncoding = 4; lastKnownFileType = sourcecode.c.h; path = Parser.h; sourceTree = "<group>"; };
		DE229DC31C7B5A4100557EB4 /* Provider.cpp */ = {isa = PBXFileReference; fileEncoding = 4; lastKnownFileType = sourcecode.cpp.cpp; path = Provider.cpp; sourceTree = "<group>"; };
		DE229DC41C7B5A4100557EB4 /* Provider.h */ = {isa = PBXFileReference; fileEncoding = 4; lastKnownFileType = sourcecode.c.h; path = Provider.h; sourceTree = "<group>"; };
		DE229DC71C7B5A8E00557EB4 /* ParserCereal.cpp */ = {isa = PBXFileReference; fileEncoding = 4; lastKnownFileType = sourcecode.cpp.cpp; path = ParserCereal.cpp; sourceTree = "<group>"; };
		DE229DC81C7B5A8E00557EB4 /* ParserCereal.h */ = {isa = PBXFileReference; fileEncoding = 4; lastKnownFileType = sourcecode.c.h; path = ParserCereal.h; sourceTree = "<group>"; };
		DE229DD51C7B5D3100557EB4 /* access.hpp */ = {isa = PBXFileReference; fileEncoding = 4; lastKnownFileType = sourcecode.cpp.h; path = access.hpp; sourceTree = "<group>"; };
		DE229DD71C7B5D3100557EB4 /* adapters.hpp */ = {isa = PBXFileReference; fileEncoding = 4; lastKnownFileType = sourcecode.cpp.h; path = adapters.hpp; sourceTree = "<group>"; };
		DE229DD81C7B5D3100557EB4 /* binary.hpp */ = {isa = PBXFileReference; fileEncoding = 4; lastKnownFileType = sourcecode.cpp.h; path = binary.hpp; sourceTree = "<group>"; };
		DE229DD91C7B5D3100557EB4 /* json.hpp */ = {isa = PBXFileReference; fileEncoding = 4; lastKnownFileType = sourcecode.cpp.h; path = json.hpp; sourceTree = "<group>"; };
		DE229DDA1C7B5D3100557EB4 /* portable_binary.hpp */ = {isa = PBXFileReference; fileEncoding = 4; lastKnownFileType = sourcecode.cpp.h; path = portable_binary.hpp; sourceTree = "<group>"; };
		DE229DDB1C7B5D3100557EB4 /* xml.hpp */ = {isa = PBXFileReference; fileEncoding = 4; lastKnownFileType = sourcecode.cpp.h; path = xml.hpp; sourceTree = "<group>"; };
		DE229DDC1C7B5D3100557EB4 /* cereal.hpp */ = {isa = PBXFileReference; fileEncoding = 4; lastKnownFileType = sourcecode.cpp.h; path = cereal.hpp; sourceTree = "<group>"; };
		DE229DDE1C7B5D3100557EB4 /* helpers.hpp */ = {isa = PBXFileReference; fileEncoding = 4; lastKnownFileType = sourcecode.cpp.h; path = helpers.hpp; sourceTree = "<group>"; };
		DE229DDF1C7B5D3100557EB4 /* polymorphic_impl.hpp */ = {isa = PBXFileReference; fileEncoding = 4; lastKnownFileType = sourcecode.cpp.h; path = polymorphic_impl.hpp; sourceTree = "<group>"; };
		DE229DE01C7B5D3100557EB4 /* static_object.hpp */ = {isa = PBXFileReference; fileEncoding = 4; lastKnownFileType = sourcecode.cpp.h; path = static_object.hpp; sourceTree = "<group>"; };
		DE229DE11C7B5D3100557EB4 /* traits.hpp */ = {isa = PBXFileReference; fileEncoding = 4; lastKnownFileType = sourcecode.cpp.h; path = traits.hpp; sourceTree = "<group>"; };
		DE229DE21C7B5D3100557EB4 /* util.hpp */ = {isa = PBXFileReference; fileEncoding = 4; lastKnownFileType = sourcecode.cpp.h; path = util.hpp; sourceTree = "<group>"; };
		DE229DE41C7B5D3100557EB4 /* base64.hpp */ = {isa = PBXFileReference; fileEncoding = 4; lastKnownFileType = sourcecode.cpp.h; path = base64.hpp; sourceTree = "<group>"; };
		DE229DE61C7B5D3100557EB4 /* document.h */ = {isa = PBXFileReference; fileEncoding = 4; lastKnownFileType = sourcecode.c.h; path = document.h; sourceTree = "<group>"; };
		DE229DE71C7B5D3100557EB4 /* filestream.h */ = {isa = PBXFileReference; fileEncoding = 4; lastKnownFileType = sourcecode.c.h; path = filestream.h; sourceTree = "<group>"; };
		DE229DE81C7B5D3100557EB4 /* genericstream.h */ = {isa = PBXFileReference; fileEncoding = 4; lastKnownFileType = sourcecode.c.h; path = genericstream.h; sourceTree = "<group>"; };
		DE229DEA1C7B5D3100557EB4 /* pow10.h */ = {isa = PBXFileReference; fileEncoding = 4; lastKnownFileType = sourcecode.c.h; path = pow10.h; sourceTree = "<group>"; };
		DE229DEB1C7B5D3100557EB4 /* stack.h */ = {isa = PBXFileReference; fileEncoding = 4; lastKnownFileType = sourcecode.c.h; path = stack.h; sourceTree = "<group>"; };
		DE229DEC1C7B5D3100557EB4 /* strfunc.h */ = {isa = PBXFileReference; fileEncoding = 4; lastKnownFileType = sourcecode.c.h; path = strfunc.h; sourceTree = "<group>"; };
		DE229DED1C7B5D3100557EB4 /* license.txt */ = {isa = PBXFileReference; fileEncoding = 4; lastKnownFileType = text; path = license.txt; sourceTree = "<group>"; };
		DE229DEE1C7B5D3100557EB4 /* prettywriter.h */ = {isa = PBXFileReference; fileEncoding = 4; lastKnownFileType = sourcecode.c.h; path = prettywriter.h; sourceTree = "<group>"; };
		DE229DEF1C7B5D3100557EB4 /* rapidjson.h */ = {isa = PBXFileReference; fileEncoding = 4; lastKnownFileType = sourcecode.c.h; path = rapidjson.h; sourceTree = "<group>"; };
		DE229DF01C7B5D3100557EB4 /* reader.h */ = {isa = PBXFileReference; fileEncoding = 4; lastKnownFileType = sourcecode.c.h; path = reader.h; sourceTree = "<group>"; };
		DE229DF11C7B5D3100557EB4 /* stringbuffer.h */ = {isa = PBXFileReference; fileEncoding = 4; lastKnownFileType = sourcecode.c.h; path = stringbuffer.h; sourceTree = "<group>"; };
		DE229DF21C7B5D3100557EB4 /* writer.h */ = {isa = PBXFileReference; fileEncoding = 4; lastKnownFileType = sourcecode.c.h; path = writer.h; sourceTree = "<group>"; };
		DE229DF41C7B5D3100557EB4 /* license.txt */ = {isa = PBXFileReference; fileEncoding = 4; lastKnownFileType = text; path = license.txt; sourceTree = "<group>"; };
		DE229DF51C7B5D3100557EB4 /* manual.html */ = {isa = PBXFileReference; fileEncoding = 4; lastKnownFileType = text.html; path = manual.html; sourceTree = "<group>"; };
		DE229DF61C7B5D3100557EB4 /* rapidxml.hpp */ = {isa = PBXFileReference; fileEncoding = 4; lastKnownFileType = sourcecode.cpp.h; path = rapidxml.hpp; sourceTree = "<group>"; };
		DE229DF71C7B5D3100557EB4 /* rapidxml_iterators.hpp */ = {isa = PBXFileReference; fileEncoding = 4; lastKnownFileType = sourcecode.cpp.h; path = rapidxml_iterators.hpp; sourceTree = "<group>"; };
		DE229DF81C7B5D3100557EB4 /* rapidxml_print.hpp */ = {isa = PBXFileReference; fileEncoding = 4; lastKnownFileType = sourcecode.cpp.h; path = rapidxml_print.hpp; sourceTree = "<group>"; };
		DE229DF91C7B5D3100557EB4 /* rapidxml_utils.hpp */ = {isa = PBXFileReference; fileEncoding = 4; lastKnownFileType = sourcecode.cpp.h; path = rapidxml_utils.hpp; sourceTree = "<group>"; };
		DE229DFA1C7B5D3100557EB4 /* macros.hpp */ = {isa = PBXFileReference; fileEncoding = 4; lastKnownFileType = sourcecode.cpp.h; path = macros.hpp; sourceTree = "<group>"; };
		DE229DFC1C7B5D3100557EB4 /* array.hpp */ = {isa = PBXFileReference; fileEncoding = 4; lastKnownFileType = sourcecode.cpp.h; path = array.hpp; sourceTree = "<group>"; };
		DE229DFD1C7B5D3100557EB4 /* base_class.hpp */ = {isa = PBXFileReference; fileEncoding = 4; lastKnownFileType = sourcecode.cpp.h; path = base_class.hpp; sourceTree = "<group>"; };
		DE229DFE1C7B5D3100557EB4 /* bitset.hpp */ = {isa = PBXFileReference; fileEncoding = 4; lastKnownFileType = sourcecode.cpp.h; path = bitset.hpp; sourceTree = "<group>"; };
		DE229DFF1C7B5D3100557EB4 /* boost_variant.hpp */ = {isa = PBXFileReference; fileEncoding = 4; lastKnownFileType = sourcecode.cpp.h; path = boost_variant.hpp; sourceTree = "<group>"; };
		DE229E001C7B5D3100557EB4 /* chrono.hpp */ = {isa = PBXFileReference; fileEncoding = 4; lastKnownFileType = sourcecode.cpp.h; path = chrono.hpp; sourceTree = "<group>"; };
		DE229E011C7B5D3100557EB4 /* common.hpp */ = {isa = PBXFileReference; fileEncoding = 4; lastKnownFileType = sourcecode.cpp.h; path = common.hpp; sourceTree = "<group>"; };
		DE229E021C7B5D3100557EB4 /* complex.hpp */ = {isa = PBXFileReference; fileEncoding = 4; lastKnownFileType = sourcecode.cpp.h; path = complex.hpp; sourceTree = "<group>"; };
		DE229E031C7B5D3100557EB4 /* deque.hpp */ = {isa = PBXFileReference; fileEncoding = 4; lastKnownFileType = sourcecode.cpp.h; path = deque.hpp; sourceTree = "<group>"; };
		DE229E041C7B5D3100557EB4 /* forward_list.hpp */ = {isa = PBXFileReference; fileEncoding = 4; lastKnownFileType = sourcecode.cpp.h; path = forward_list.hpp; sourceTree = "<group>"; };
		DE229E051C7B5D3100557EB4 /* list.hpp */ = {isa = PBXFileReference; fileEncoding = 4; lastKnownFileType = sourcecode.cpp.h; path = list.hpp; sourceTree = "<group>"; };
		DE229E061C7B5D3100557EB4 /* map.hpp */ = {isa = PBXFileReference; fileEncoding = 4; lastKnownFileType = sourcecode.cpp.h; path = map.hpp; sourceTree = "<group>"; };
		DE229E071C7B5D3100557EB4 /* memory.hpp */ = {isa = PBXFileReference; fileEncoding = 4; lastKnownFileType = sourcecode.cpp.h; path = memory.hpp; sourceTree = "<group>"; };
		DE229E081C7B5D3100557EB4 /* polymorphic.hpp */ = {isa = PBXFileReference; fileEncoding = 4; lastKnownFileType = sourcecode.cpp.h; path = polymorphic.hpp; sourceTree = "<group>"; };
		DE229E091C7B5D3100557EB4 /* queue.hpp */ = {isa = PBXFileReference; fileEncoding = 4; lastKnownFileType = sourcecode.cpp.h; path = queue.hpp; sourceTree = "<group>"; };
		DE229E0A1C7B5D3100557EB4 /* set.hpp */ = {isa = PBXFileReference; fileEncoding = 4; lastKnownFileType = sourcecode.cpp.h; path = set.hpp; sourceTree = "<group>"; };
		DE229E0B1C7B5D3100557EB4 /* stack.hpp */ = {isa = PBXFileReference; fileEncoding = 4; lastKnownFileType = sourcecode.cpp.h; path = stack.hpp; sourceTree = "<group>"; };
		DE229E0C1C7B5D3100557EB4 /* string.hpp */ = {isa = PBXFileReference; fileEncoding = 4; lastKnownFileType = sourcecode.cpp.h; path = string.hpp; sourceTree = "<group>"; };
		DE229E0D1C7B5D3100557EB4 /* tuple.hpp */ = {isa = PBXFileReference; fileEncoding = 4; lastKnownFileType = sourcecode.cpp.h; path = tuple.hpp; sourceTree = "<group>"; };
		DE229E0E1C7B5D3100557EB4 /* unordered_map.hpp */ = {isa = PBXFileReference; fileEncoding = 4; lastKnownFileType = sourcecode.cpp.h; path = unordered_map.hpp; sourceTree = "<group>"; };
		DE229E0F1C7B5D3100557EB4 /* unordered_set.hpp */ = {isa = PBXFileReference; fileEncoding = 4; lastKnownFileType = sourcecode.cpp.h; path = unordered_set.hpp; sourceTree = "<group>"; };
		DE229E101C7B5D3100557EB4 /* utility.hpp */ = {isa = PBXFileReference; fileEncoding = 4; lastKnownFileType = sourcecode.cpp.h; path = utility.hpp; sourceTree = "<group>"; };
		DE229E111C7B5D3100557EB4 /* valarray.hpp */ = {isa = PBXFileReference; fileEncoding = 4; lastKnownFileType = sourcecode.cpp.h; path = valarray.hpp; sourceTree = "<group>"; };
		DE229E121C7B5D3100557EB4 /* vector.hpp */ = {isa = PBXFileReference; fileEncoding = 4; lastKnownFileType = sourcecode.cpp.h; path = vector.hpp; sourceTree = "<group>"; };
		DE229E141C7B5D3100557EB4 /* LICENSE */ = {isa = PBXFileReference; fileEncoding = 4; lastKnownFileType = text; path = LICENSE; sourceTree = "<group>"; };
		DE229E151C7B5D3100557EB4 /* README.md */ = {isa = PBXFileReference; fileEncoding = 4; lastKnownFileType = net.daringfireball.markdown; path = README.md; sourceTree = "<group>"; };
		DE229E171C7B5D3100557EB4 /* ofxCereal.h */ = {isa = PBXFileReference; fileEncoding = 4; lastKnownFileType = sourcecode.c.h; path = ofxCereal.h; sourceTree = "<group>"; };
		E4328143138ABC890047C5CB /* openFrameworksLib.xcodeproj */ = {isa = PBXFileReference; lastKnownFileType = "wrapper.pb-project"; name = openFrameworksLib.xcodeproj; path = ../../../libs/openFrameworksCompiled/project/osx/openFrameworksLib.xcodeproj; sourceTree = SOURCE_ROOT; };
		E45BE9710E8CC7DD009D7055 /* AGL.framework */ = {isa = PBXFileReference; lastKnownFileType = wrapper.framework; name = AGL.framework; path = /System/Library/Frameworks/AGL.framework; sourceTree = "<absolute>"; };
		E45BE9720E8CC7DD009D7055 /* ApplicationServices.framework */ = {isa = PBXFileReference; lastKnownFileType = wrapper.framework; name = ApplicationServices.framework; path = /System/Library/Frameworks/ApplicationServices.framework; sourceTree = "<absolute>"; };
		E45BE9730E8CC7DD009D7055 /* AudioToolbox.framework */ = {isa = PBXFileReference; lastKnownFileType = wrapper.framework; name = AudioToolbox.framework; path = /System/Library/Frameworks/AudioToolbox.framework; sourceTree = "<absolute>"; };
		E45BE9750E8CC7DD009D7055 /* CoreAudio.framework */ = {isa = PBXFileReference; lastKnownFileType = wrapper.framework; name = CoreAudio.framework; path = /System/Library/Frameworks/CoreAudio.framework; sourceTree = "<absolute>"; };
		E45BE9760E8CC7DD009D7055 /* CoreFoundation.framework */ = {isa = PBXFileReference; lastKnownFileType = wrapper.framework; name = CoreFoundation.framework; path = /System/Library/Frameworks/CoreFoundation.framework; sourceTree = "<absolute>"; };
		E45BE9770E8CC7DD009D7055 /* CoreServices.framework */ = {isa = PBXFileReference; lastKnownFileType = wrapper.framework; name = CoreServices.framework; path = /System/Library/Frameworks/CoreServices.framework; sourceTree = "<absolute>"; };
		E45BE9790E8CC7DD009D7055 /* OpenGL.framework */ = {isa = PBXFileReference; lastKnownFileType = wrapper.framework; name = OpenGL.framework; path = /System/Library/Frameworks/OpenGL.framework; sourceTree = "<absolute>"; };
		E45BE97A0E8CC7DD009D7055 /* QuickTime.framework */ = {isa = PBXFileReference; lastKnownFileType = wrapper.framework; name = QuickTime.framework; path = /System/Library/Frameworks/QuickTime.framework; sourceTree = "<absolute>"; };
		E4B69B5B0A3A1756003C02F2 /* exampleDebug.app */ = {isa = PBXFileReference; explicitFileType = wrapper.application; includeInIndex = 0; path = exampleDebug.app; sourceTree = BUILT_PRODUCTS_DIR; };
		E4B69E1D0A3A1BDC003C02F2 /* main.cpp */ = {isa = PBXFileReference; fileEncoding = 30; lastKnownFileType = sourcecode.cpp.cpp; name = main.cpp; path = src/main.cpp; sourceTree = SOURCE_ROOT; };
		E4B6FCAD0C3E899E008CF71C /* openFrameworks-Info.plist */ = {isa = PBXFileReference; fileEncoding = 30; lastKnownFileType = text.plist.xml; path = "openFrameworks-Info.plist"; sourceTree = "<group>"; };
		E4C2424410CC5A17004149E2 /* AppKit.framework */ = {isa = PBXFileReference; lastKnownFileType = wrapper.framework; name = AppKit.framework; path = /System/Library/Frameworks/AppKit.framework; sourceTree = "<absolute>"; };
		E4C2424510CC5A17004149E2 /* Cocoa.framework */ = {isa = PBXFileReference; lastKnownFileType = wrapper.framework; name = Cocoa.framework; path = /System/Library/Frameworks/Cocoa.framework; sourceTree = "<absolute>"; };
		E4C2424610CC5A17004149E2 /* IOKit.framework */ = {isa = PBXFileReference; lastKnownFileType = wrapper.framework; name = IOKit.framework; path = /System/Library/Frameworks/IOKit.framework; sourceTree = "<absolute>"; };
		E4EB691F138AFCF100A09F29 /* CoreOF.xcconfig */ = {isa = PBXFileReference; fileEncoding = 4; lastKnownFileType = text.xcconfig; name = CoreOF.xcconfig; path = ../../../libs/openFrameworksCompiled/project/osx/CoreOF.xcconfig; sourceTree = SOURCE_ROOT; };
		E4EB6923138AFD0F00A09F29 /* Project.xcconfig */ = {isa = PBXFileReference; fileEncoding = 4; lastKnownFileType = text.xcconfig; path = Project.xcconfig; sourceTree = "<group>"; };
		E7E077E415D3B63C0020DFD4 /* CoreVideo.framework */ = {isa = PBXFileReference; lastKnownFileType = wrapper.framework; name = CoreVideo.framework; path = /System/Library/Frameworks/CoreVideo.framework; sourceTree = "<absolute>"; };
		E7E077E715D3B6510020DFD4 /* QTKit.framework */ = {isa = PBXFileReference; lastKnownFileType = wrapper.framework; name = QTKit.framework; path = /System/Library/Frameworks/QTKit.framework; sourceTree = "<absolute>"; };
		E7F985F515E0DE99003869B5 /* Accelerate.framework */ = {isa = PBXFileReference; lastKnownFileType = wrapper.framework; name = Accelerate.framework; path = /System/Library/Frameworks/Accelerate.framework; sourceTree = "<absolute>"; };
/* End PBXFileReference section */

/* Begin PBXFrameworksBuildPhase section */
		E4B69B590A3A1756003C02F2 /* Frameworks */ = {
			isa = PBXFrameworksBuildPhase;
			buildActionMask = 2147483647;
			files = (
				E7F985F815E0DEA3003869B5 /* Accelerate.framework in Frameworks */,
				E7E077E815D3B6510020DFD4 /* QTKit.framework in Frameworks */,
				E4EB6799138ADC1D00A09F29 /* GLUT.framework in Frameworks */,
				E4328149138ABC9F0047C5CB /* openFrameworksDebug.a in Frameworks */,
				E45BE97B0E8CC7DD009D7055 /* AGL.framework in Frameworks */,
				E45BE97C0E8CC7DD009D7055 /* ApplicationServices.framework in Frameworks */,
				E45BE97D0E8CC7DD009D7055 /* AudioToolbox.framework in Frameworks */,
				E45BE97F0E8CC7DD009D7055 /* CoreAudio.framework in Frameworks */,
				E45BE9800E8CC7DD009D7055 /* CoreFoundation.framework in Frameworks */,
				E45BE9810E8CC7DD009D7055 /* CoreServices.framework in Frameworks */,
				E45BE9830E8CC7DD009D7055 /* OpenGL.framework in Frameworks */,
				E45BE9840E8CC7DD009D7055 /* QuickTime.framework in Frameworks */,
				E4C2424710CC5A17004149E2 /* AppKit.framework in Frameworks */,
				E4C2424810CC5A17004149E2 /* Cocoa.framework in Frameworks */,
				E4C2424910CC5A17004149E2 /* IOKit.framework in Frameworks */,
				E7E077E515D3B63C0020DFD4 /* CoreVideo.framework in Frameworks */,
			);
			runOnlyForDeploymentPostprocessing = 0;
		};
/* End PBXFrameworksBuildPhase section */

/* Begin PBXGroup section */
		BB4B014C10F69532006C3DED /* addons */ = {
			isa = PBXGroup;
			children = (
				DE229DCC1C7B5D3000557EB4 /* ofxCereal */,
				DE0CC0421AD30B5E002D5744 /* ofxOsc */,
				DE0CC06D1AD30B5E002D5744 /* ofxXmlSettings */,
				DE0CC03D1AD30B4A002D5744 /* ofxVezer */,
			);
			name = addons;
			sourceTree = "<group>";
		};
		BBAB23C913894ECA00AA2426 /* system frameworks */ = {
			isa = PBXGroup;
			children = (
				E7F985F515E0DE99003869B5 /* Accelerate.framework */,
				E4C2424410CC5A17004149E2 /* AppKit.framework */,
				E4C2424510CC5A17004149E2 /* Cocoa.framework */,
				E4C2424610CC5A17004149E2 /* IOKit.framework */,
				E45BE9710E8CC7DD009D7055 /* AGL.framework */,
				E45BE9720E8CC7DD009D7055 /* ApplicationServices.framework */,
				E45BE9730E8CC7DD009D7055 /* AudioToolbox.framework */,
				E45BE9750E8CC7DD009D7055 /* CoreAudio.framework */,
				E45BE9760E8CC7DD009D7055 /* CoreFoundation.framework */,
				E45BE9770E8CC7DD009D7055 /* CoreServices.framework */,
				E45BE9790E8CC7DD009D7055 /* OpenGL.framework */,
				E45BE97A0E8CC7DD009D7055 /* QuickTime.framework */,
				E7E077E415D3B63C0020DFD4 /* CoreVideo.framework */,
				E7E077E715D3B6510020DFD4 /* QTKit.framework */,
			);
			name = "system frameworks";
			sourceTree = "<group>";
		};
		BBAB23CA13894EDB00AA2426 /* 3rd party frameworks */ = {
			isa = PBXGroup;
			children = (
				BBAB23BE13894E4700AA2426 /* GLUT.framework */,
			);
			name = "3rd party frameworks";
			sourceTree = "<group>";
		};
		DE0CC03D1AD30B4A002D5744 /* ofxVezer */ = {
			isa = PBXGroup;
			children = (
				DE0CC03E1AD30B53002D5744 /* src */,
			);
			name = ofxVezer;
			sourceTree = "<group>";
		};
		DE0CC03E1AD30B53002D5744 /* src */ = {
			isa = PBXGroup;
			children = (
				DE229DC01C7B5A4100557EB4 /* ofxVezer.h */,
				DE229DC11C7B5A4100557EB4 /* Parser.cpp */,
				DE229DC21C7B5A4100557EB4 /* Parser.h */,
				DE229DC31C7B5A4100557EB4 /* Provider.cpp */,
				DE229DC41C7B5A4100557EB4 /* Provider.h */,
				DE229DC71C7B5A8E00557EB4 /* ParserCereal.cpp */,
				DE229DC81C7B5A8E00557EB4 /* ParserCereal.h */,
			);
			name = src;
			path = ../src;
			sourceTree = "<group>";
		};
		DE0CC0421AD30B5E002D5744 /* ofxOsc */ = {
			isa = PBXGroup;
			children = (
				DE0CC0431AD30B5E002D5744 /* libs */,
				DE0CC0601AD30B5E002D5744 /* src */,
			);
			name = ofxOsc;
			path = ../../ofxOsc;
			sourceTree = "<group>";
		};
		DE0CC0431AD30B5E002D5744 /* libs */ = {
			isa = PBXGroup;
			children = (
				DE0CC0441AD30B5E002D5744 /* oscpack */,
			);
			path = libs;
			sourceTree = "<group>";
		};
		DE0CC0441AD30B5E002D5744 /* oscpack */ = {
			isa = PBXGroup;
			children = (
				DE0CC0451AD30B5E002D5744 /* src */,
			);
			path = oscpack;
			sourceTree = "<group>";
		};
		DE0CC0451AD30B5E002D5744 /* src */ = {
			isa = PBXGroup;
			children = (
				DE0CC0461AD30B5E002D5744 /* ip */,
				DE0CC0531AD30B5E002D5744 /* osc */,
			);
			path = src;
			sourceTree = "<group>";
		};
		DE0CC0461AD30B5E002D5744 /* ip */ = {
			isa = PBXGroup;
			children = (
				DE0CC0471AD30B5E002D5744 /* IpEndpointName.cpp */,
				DE0CC0481AD30B5E002D5744 /* IpEndpointName.h */,
				DE0CC0491AD30B5E002D5744 /* NetworkingUtils.h */,
				DE0CC04A1AD30B5E002D5744 /* PacketListener.h */,
				DE0CC04B1AD30B5E002D5744 /* posix */,
				DE0CC04E1AD30B5E002D5744 /* TimerListener.h */,
				DE0CC04F1AD30B5E002D5744 /* UdpSocket.h */,
			);
			path = ip;
			sourceTree = "<group>";
		};
		DE0CC04B1AD30B5E002D5744 /* posix */ = {
			isa = PBXGroup;
			children = (
				DE0CC04C1AD30B5E002D5744 /* NetworkingUtils.cpp */,
				DE0CC04D1AD30B5E002D5744 /* UdpSocket.cpp */,
			);
			path = posix;
			sourceTree = "<group>";
		};
		DE0CC0531AD30B5E002D5744 /* osc */ = {
			isa = PBXGroup;
			children = (
				DE0CC0541AD30B5E002D5744 /* MessageMappingOscPacketListener.h */,
				DE0CC0551AD30B5E002D5744 /* OscException.h */,
				DE0CC0561AD30B5E002D5744 /* OscHostEndianness.h */,
				DE0CC0571AD30B5E002D5744 /* OscOutboundPacketStream.cpp */,
				DE0CC0581AD30B5E002D5744 /* OscOutboundPacketStream.h */,
				DE0CC0591AD30B5E002D5744 /* OscPacketListener.h */,
				DE0CC05A1AD30B5E002D5744 /* OscPrintReceivedElements.cpp */,
				DE0CC05B1AD30B5E002D5744 /* OscPrintReceivedElements.h */,
				DE0CC05C1AD30B5E002D5744 /* OscReceivedElements.cpp */,
				DE0CC05D1AD30B5E002D5744 /* OscReceivedElements.h */,
				DE0CC05E1AD30B5E002D5744 /* OscTypes.cpp */,
				DE0CC05F1AD30B5E002D5744 /* OscTypes.h */,
			);
			path = osc;
			sourceTree = "<group>";
		};
		DE0CC0601AD30B5E002D5744 /* src */ = {
			isa = PBXGroup;
			children = (
				DE0CC0611AD30B5E002D5744 /* ofxOsc.h */,
				DE0CC0621AD30B5E002D5744 /* ofxOscArg.h */,
				DE0CC0631AD30B5E002D5744 /* ofxOscBundle.cpp */,
				DE0CC0641AD30B5E002D5744 /* ofxOscBundle.h */,
				DE0CC0651AD30B5E002D5744 /* ofxOscMessage.cpp */,
				DE0CC0661AD30B5E002D5744 /* ofxOscMessage.h */,
				DE0CC0671AD30B5E002D5744 /* ofxOscParameterSync.cpp */,
				DE0CC0681AD30B5E002D5744 /* ofxOscParameterSync.h */,
				DE0CC0691AD30B5E002D5744 /* ofxOscReceiver.cpp */,
				DE0CC06A1AD30B5E002D5744 /* ofxOscReceiver.h */,
				DE0CC06B1AD30B5E002D5744 /* ofxOscSender.cpp */,
				DE0CC06C1AD30B5E002D5744 /* ofxOscSender.h */,
			);
			path = src;
			sourceTree = "<group>";
		};
		DE0CC06D1AD30B5E002D5744 /* ofxXmlSettings */ = {
			isa = PBXGroup;
			children = (
				DE0CC06E1AD30B5E002D5744 /* libs */,
				DE0CC0731AD30B5E002D5744 /* src */,
			);
			name = ofxXmlSettings;
			path = ../../ofxXmlSettings;
			sourceTree = "<group>";
		};
		DE0CC06E1AD30B5E002D5744 /* libs */ = {
			isa = PBXGroup;
			children = (
				DE0CC06F1AD30B5E002D5744 /* tinyxml.cpp */,
				DE0CC0701AD30B5E002D5744 /* tinyxml.h */,
				DE0CC0711AD30B5E002D5744 /* tinyxmlerror.cpp */,
				DE0CC0721AD30B5E002D5744 /* tinyxmlparser.cpp */,
			);
			path = libs;
			sourceTree = "<group>";
		};
		DE0CC0731AD30B5E002D5744 /* src */ = {
			isa = PBXGroup;
			children = (
				DE0CC0741AD30B5E002D5744 /* ofxXmlSettings.cpp */,
				DE0CC0751AD30B5E002D5744 /* ofxXmlSettings.h */,
			);
			path = src;
			sourceTree = "<group>";
		};
		DE229DCC1C7B5D3000557EB4 /* ofxCereal */ = {
			isa = PBXGroup;
			children = (
				DE229DD11C7B5D3000557EB4 /* libs */,
				DE229E151C7B5D3100557EB4 /* README.md */,
				DE229E161C7B5D3100557EB4 /* src */,
			);
			name = ofxCereal;
			path = ../../ofxCereal;
			sourceTree = "<group>";
		};
		DE229DD11C7B5D3000557EB4 /* libs */ = {
			isa = PBXGroup;
			children = (
				DE229DD21C7B5D3000557EB4 /* cereal */,
			);
			path = libs;
			sourceTree = "<group>";
		};
		DE229DD21C7B5D3000557EB4 /* cereal */ = {
			isa = PBXGroup;
			children = (
				DE229DD31C7B5D3000557EB4 /* include */,
				DE229E131C7B5D3100557EB4 /* license */,
			);
			path = cereal;
			sourceTree = "<group>";
		};
		DE229DD31C7B5D3000557EB4 /* include */ = {
			isa = PBXGroup;
			children = (
				DE229DD41C7B5D3000557EB4 /* cereal */,
			);
			path = include;
			sourceTree = "<group>";
		};
		DE229DD41C7B5D3000557EB4 /* cereal */ = {
			isa = PBXGroup;
			children = (
				DE229DD51C7B5D3100557EB4 /* access.hpp */,
				DE229DD61C7B5D3100557EB4 /* archives */,
				DE229DDC1C7B5D3100557EB4 /* cereal.hpp */,
				DE229DDD1C7B5D3100557EB4 /* details */,
				DE229DE31C7B5D3100557EB4 /* external */,
				DE229DFA1C7B5D3100557EB4 /* macros.hpp */,
				DE229DFB1C7B5D3100557EB4 /* types */,
			);
			path = cereal;
			sourceTree = "<group>";
		};
		DE229DD61C7B5D3100557EB4 /* archives */ = {
			isa = PBXGroup;
			children = (
				DE229DD71C7B5D3100557EB4 /* adapters.hpp */,
				DE229DD81C7B5D3100557EB4 /* binary.hpp */,
				DE229DD91C7B5D3100557EB4 /* json.hpp */,
				DE229DDA1C7B5D3100557EB4 /* portable_binary.hpp */,
				DE229DDB1C7B5D3100557EB4 /* xml.hpp */,
			);
			path = archives;
			sourceTree = "<group>";
		};
		DE229DDD1C7B5D3100557EB4 /* details */ = {
			isa = PBXGroup;
			children = (
				DE229DDE1C7B5D3100557EB4 /* helpers.hpp */,
				DE229DDF1C7B5D3100557EB4 /* polymorphic_impl.hpp */,
				DE229DE01C7B5D3100557EB4 /* static_object.hpp */,
				DE229DE11C7B5D3100557EB4 /* traits.hpp */,
				DE229DE21C7B5D3100557EB4 /* util.hpp */,
			);
			path = details;
			sourceTree = "<group>";
		};
		DE229DE31C7B5D3100557EB4 /* external */ = {
			isa = PBXGroup;
			children = (
				DE229DE41C7B5D3100557EB4 /* base64.hpp */,
				DE229DE51C7B5D3100557EB4 /* rapidjson */,
				DE229DF31C7B5D3100557EB4 /* rapidxml */,
			);
			path = external;
			sourceTree = "<group>";
		};
		DE229DE51C7B5D3100557EB4 /* rapidjson */ = {
			isa = PBXGroup;
			children = (
				DE229DE61C7B5D3100557EB4 /* document.h */,
				DE229DE71C7B5D3100557EB4 /* filestream.h */,
				DE229DE81C7B5D3100557EB4 /* genericstream.h */,
				DE229DE91C7B5D3100557EB4 /* internal */,
				DE229DED1C7B5D3100557EB4 /* license.txt */,
				DE229DEE1C7B5D3100557EB4 /* prettywriter.h */,
				DE229DEF1C7B5D3100557EB4 /* rapidjson.h */,
				DE229DF01C7B5D3100557EB4 /* reader.h */,
				DE229DF11C7B5D3100557EB4 /* stringbuffer.h */,
				DE229DF21C7B5D3100557EB4 /* writer.h */,
			);
			path = rapidjson;
			sourceTree = "<group>";
		};
		DE229DE91C7B5D3100557EB4 /* internal */ = {
			isa = PBXGroup;
			children = (
				DE229DEA1C7B5D3100557EB4 /* pow10.h */,
				DE229DEB1C7B5D3100557EB4 /* stack.h */,
				DE229DEC1C7B5D3100557EB4 /* strfunc.h */,
			);
			path = internal;
			sourceTree = "<group>";
		};
		DE229DF31C7B5D3100557EB4 /* rapidxml */ = {
			isa = PBXGroup;
			children = (
				DE229DF41C7B5D3100557EB4 /* license.txt */,
				DE229DF51C7B5D3100557EB4 /* manual.html */,
				DE229DF61C7B5D3100557EB4 /* rapidxml.hpp */,
				DE229DF71C7B5D3100557EB4 /* rapidxml_iterators.hpp */,
				DE229DF81C7B5D3100557EB4 /* rapidxml_print.hpp */,
				DE229DF91C7B5D3100557EB4 /* rapidxml_utils.hpp */,
			);
			path = rapidxml;
			sourceTree = "<group>";
		};
		DE229DFB1C7B5D3100557EB4 /* types */ = {
			isa = PBXGroup;
			children = (
				DE229DFC1C7B5D3100557EB4 /* array.hpp */,
				DE229DFD1C7B5D3100557EB4 /* base_class.hpp */,
				DE229DFE1C7B5D3100557EB4 /* bitset.hpp */,
				DE229DFF1C7B5D3100557EB4 /* boost_variant.hpp */,
				DE229E001C7B5D3100557EB4 /* chrono.hpp */,
				DE229E011C7B5D3100557EB4 /* common.hpp */,
				DE229E021C7B5D3100557EB4 /* complex.hpp */,
				DE229E031C7B5D3100557EB4 /* deque.hpp */,
				DE229E041C7B5D3100557EB4 /* forward_list.hpp */,
				DE229E051C7B5D3100557EB4 /* list.hpp */,
				DE229E061C7B5D3100557EB4 /* map.hpp */,
				DE229E071C7B5D3100557EB4 /* memory.hpp */,
				DE229E081C7B5D3100557EB4 /* polymorphic.hpp */,
				DE229E091C7B5D3100557EB4 /* queue.hpp */,
				DE229E0A1C7B5D3100557EB4 /* set.hpp */,
				DE229E0B1C7B5D3100557EB4 /* stack.hpp */,
				DE229E0C1C7B5D3100557EB4 /* string.hpp */,
				DE229E0D1C7B5D3100557EB4 /* tuple.hpp */,
				DE229E0E1C7B5D3100557EB4 /* unordered_map.hpp */,
				DE229E0F1C7B5D3100557EB4 /* unordered_set.hpp */,
				DE229E101C7B5D3100557EB4 /* utility.hpp */,
				DE229E111C7B5D3100557EB4 /* valarray.hpp */,
				DE229E121C7B5D3100557EB4 /* vector.hpp */,
			);
			path = types;
			sourceTree = "<group>";
		};
		DE229E131C7B5D3100557EB4 /* license */ = {
			isa = PBXGroup;
			children = (
				DE229E141C7B5D3100557EB4 /* LICENSE */,
			);
			path = license;
			sourceTree = "<group>";
		};
		DE229E161C7B5D3100557EB4 /* src */ = {
			isa = PBXGroup;
			children = (
				DE229E171C7B5D3100557EB4 /* ofxCereal.h */,
			);
			path = src;
			sourceTree = "<group>";
		};
		E4328144138ABC890047C5CB /* Products */ = {
			isa = PBXGroup;
			children = (
				E4328148138ABC890047C5CB /* openFrameworksDebug.a */,
			);
			name = Products;
			sourceTree = "<group>";
		};
		E45BE5980E8CC70C009D7055 /* frameworks */ = {
			isa = PBXGroup;
			children = (
				BBAB23CA13894EDB00AA2426 /* 3rd party frameworks */,
				BBAB23C913894ECA00AA2426 /* system frameworks */,
			);
			name = frameworks;
			sourceTree = "<group>";
		};
		E4B69B4A0A3A1720003C02F2 = {
			isa = PBXGroup;
			children = (
				E4B6FCAD0C3E899E008CF71C /* openFrameworks-Info.plist */,
				E4EB6923138AFD0F00A09F29 /* Project.xcconfig */,
				E4B69E1C0A3A1BDC003C02F2 /* src */,
				E4EEC9E9138DF44700A80321 /* openFrameworks */,
				BB4B014C10F69532006C3DED /* addons */,
				E45BE5980E8CC70C009D7055 /* frameworks */,
				E4B69B5B0A3A1756003C02F2 /* exampleDebug.app */,
			);
			sourceTree = "<group>";
		};
		E4B69E1C0A3A1BDC003C02F2 /* src */ = {
			isa = PBXGroup;
			children = (
				E4B69E1D0A3A1BDC003C02F2 /* main.cpp */,
			);
			path = src;
			sourceTree = SOURCE_ROOT;
		};
		E4EEC9E9138DF44700A80321 /* openFrameworks */ = {
			isa = PBXGroup;
			children = (
				E4EB691F138AFCF100A09F29 /* CoreOF.xcconfig */,
				E4328143138ABC890047C5CB /* openFrameworksLib.xcodeproj */,
			);
			name = openFrameworks;
			sourceTree = "<group>";
		};
/* End PBXGroup section */

/* Begin PBXNativeTarget section */
		E4B69B5A0A3A1756003C02F2 /* example */ = {
			isa = PBXNativeTarget;
			buildConfigurationList = E4B69B5F0A3A1757003C02F2 /* Build configuration list for PBXNativeTarget "example" */;
			buildPhases = (
				E4B69B580A3A1756003C02F2 /* Sources */,
				E4B69B590A3A1756003C02F2 /* Frameworks */,
				E4B6FFFD0C3F9AB9008CF71C /* ShellScript */,
				E4C2427710CC5ABF004149E2 /* CopyFiles */,
			);
			buildRules = (
			);
			dependencies = (
				E4EEB9AC138B136A00A80321 /* PBXTargetDependency */,
			);
			name = example;
			productName = myOFApp;
			productReference = E4B69B5B0A3A1756003C02F2 /* exampleDebug.app */;
			productType = "com.apple.product-type.application";
		};
/* End PBXNativeTarget section */

/* Begin PBXProject section */
		E4B69B4C0A3A1720003C02F2 /* Project object */ = {
			isa = PBXProject;
			attributes = {
				LastUpgradeCheck = 0460;
			};
			buildConfigurationList = E4B69B4D0A3A1720003C02F2 /* Build configuration list for PBXProject "example" */;
			compatibilityVersion = "Xcode 3.2";
			developmentRegion = English;
			hasScannedForEncodings = 0;
			knownRegions = (
				English,
				Japanese,
				French,
				German,
			);
			mainGroup = E4B69B4A0A3A1720003C02F2;
			productRefGroup = E4B69B4A0A3A1720003C02F2;
			projectDirPath = "";
			projectReferences = (
				{
					ProductGroup = E4328144138ABC890047C5CB /* Products */;
					ProjectRef = E4328143138ABC890047C5CB /* openFrameworksLib.xcodeproj */;
				},
			);
			projectRoot = "";
			targets = (
				E4B69B5A0A3A1756003C02F2 /* example */,
			);
		};
/* End PBXProject section */

/* Begin PBXReferenceProxy section */
		E4328148138ABC890047C5CB /* openFrameworksDebug.a */ = {
			isa = PBXReferenceProxy;
			fileType = archive.ar;
			path = openFrameworksDebug.a;
			remoteRef = E4328147138ABC890047C5CB /* PBXContainerItemProxy */;
			sourceTree = BUILT_PRODUCTS_DIR;
		};
/* End PBXReferenceProxy section */

/* Begin PBXShellScriptBuildPhase section */
		E4B6FFFD0C3F9AB9008CF71C /* ShellScript */ = {
			isa = PBXShellScriptBuildPhase;
			buildActionMask = 2147483647;
			files = (
			);
			inputPaths = (
			);
			outputPaths = (
			);
			runOnlyForDeploymentPostprocessing = 0;
			shellPath = /bin/sh;
			shellScript = "cp -f ../../../libs/fmodex/lib/osx/libfmodex.dylib \"$TARGET_BUILD_DIR/$PRODUCT_NAME.app/Contents/MacOS/libfmodex.dylib\"; install_name_tool -change ./libfmodex.dylib @executable_path/libfmodex.dylib \"$TARGET_BUILD_DIR/$PRODUCT_NAME.app/Contents/MacOS/$PRODUCT_NAME\";\nmkdir -p \"$TARGET_BUILD_DIR/$PRODUCT_NAME.app/Contents/Resources/\"\ncp -f \"$ICON_FILE\" \"$TARGET_BUILD_DIR/$PRODUCT_NAME.app/Contents/Resources/\"\n";
		};
/* End PBXShellScriptBuildPhase section */

/* Begin PBXSourcesBuildPhase section */
		E4B69B580A3A1756003C02F2 /* Sources */ = {
			isa = PBXSourcesBuildPhase;
			buildActionMask = 2147483647;
			files = (
				E4B69E200A3A1BDC003C02F2 /* main.cpp in Sources */,
				DE0CC0761AD30B5E002D5744 /* IpEndpointName.cpp in Sources */,
				DE0CC0771AD30B5E002D5744 /* NetworkingUtils.cpp in Sources */,
				DE0CC0781AD30B5E002D5744 /* UdpSocket.cpp in Sources */,
				DE229DC61C7B5A4100557EB4 /* Provider.cpp in Sources */,
				DE0CC07B1AD30B5E002D5744 /* OscOutboundPacketStream.cpp in Sources */,
				DE229DC91C7B5A8E00557EB4 /* ParserCereal.cpp in Sources */,
				DE0CC07C1AD30B5E002D5744 /* OscPrintReceivedElements.cpp in Sources */,
				DE229DC51C7B5A4100557EB4 /* Parser.cpp in Sources */,
				DE0CC07D1AD30B5E002D5744 /* OscReceivedElements.cpp in Sources */,
				DE0CC07E1AD30B5E002D5744 /* OscTypes.cpp in Sources */,
				DE0CC07F1AD30B5E002D5744 /* ofxOscBundle.cpp in Sources */,
				DE0CC0801AD30B5E002D5744 /* ofxOscMessage.cpp in Sources */,
				DE0CC0811AD30B5E002D5744 /* ofxOscParameterSync.cpp in Sources */,
				DE0CC0821AD30B5E002D5744 /* ofxOscReceiver.cpp in Sources */,
				DE0CC0831AD30B5E002D5744 /* ofxOscSender.cpp in Sources */,
				DE0CC0841AD30B5E002D5744 /* tinyxml.cpp in Sources */,
				DE0CC0851AD30B5E002D5744 /* tinyxmlerror.cpp in Sources */,
				DE0CC0861AD30B5E002D5744 /* tinyxmlparser.cpp in Sources */,
				DE229E191C7B5D3100557EB4 /* README.md in Sources */,
				DE0CC0871AD30B5E002D5744 /* ofxXmlSettings.cpp in Sources */,
			);
			runOnlyForDeploymentPostprocessing = 0;
		};
/* End PBXSourcesBuildPhase section */

/* Begin PBXTargetDependency section */
		E4EEB9AC138B136A00A80321 /* PBXTargetDependency */ = {
			isa = PBXTargetDependency;
			name = openFrameworks;
			targetProxy = E4EEB9AB138B136A00A80321 /* PBXContainerItemProxy */;
		};
/* End PBXTargetDependency section */

/* Begin XCBuildConfiguration section */
		E4B69B4E0A3A1720003C02F2 /* Debug */ = {
			isa = XCBuildConfiguration;
			baseConfigurationReference = E4EB6923138AFD0F00A09F29 /* Project.xcconfig */;
			buildSettings = {
				ARCHS = "$(NATIVE_ARCH)";
				CONFIGURATION_BUILD_DIR = "$(SRCROOT)/bin/";
				COPY_PHASE_STRIP = NO;
				DEAD_CODE_STRIPPING = YES;
				GCC_AUTO_VECTORIZATION = YES;
				GCC_ENABLE_SSE3_EXTENSIONS = YES;
				GCC_ENABLE_SUPPLEMENTAL_SSE3_INSTRUCTIONS = YES;
				GCC_INLINES_ARE_PRIVATE_EXTERN = NO;
				GCC_OPTIMIZATION_LEVEL = 0;
				GCC_SYMBOLS_PRIVATE_EXTERN = NO;
				GCC_WARN_ABOUT_DEPRECATED_FUNCTIONS = YES;
				GCC_WARN_ABOUT_INVALID_OFFSETOF_MACRO = NO;
				GCC_WARN_ALLOW_INCOMPLETE_PROTOCOL = NO;
				GCC_WARN_UNINITIALIZED_AUTOS = NO;
				GCC_WARN_UNUSED_VALUE = NO;
				GCC_WARN_UNUSED_VARIABLE = NO;
				MACOSX_DEPLOYMENT_TARGET = 10.7;
				OTHER_CPLUSPLUSFLAGS = (
					"-D__MACOSX_CORE__",
					"-lpthread",
					"-mtune=native",
				);
				SDKROOT = macosx;
			};
			name = Debug;
		};
		E4B69B4F0A3A1720003C02F2 /* Release */ = {
			isa = XCBuildConfiguration;
			baseConfigurationReference = E4EB6923138AFD0F00A09F29 /* Project.xcconfig */;
			buildSettings = {
				ARCHS = "$(NATIVE_ARCH)";
				CONFIGURATION_BUILD_DIR = "$(SRCROOT)/bin/";
				COPY_PHASE_STRIP = YES;
				DEAD_CODE_STRIPPING = YES;
				GCC_AUTO_VECTORIZATION = YES;
				GCC_ENABLE_SSE3_EXTENSIONS = YES;
				GCC_ENABLE_SUPPLEMENTAL_SSE3_INSTRUCTIONS = YES;
				GCC_INLINES_ARE_PRIVATE_EXTERN = NO;
				GCC_OPTIMIZATION_LEVEL = 3;
				GCC_SYMBOLS_PRIVATE_EXTERN = NO;
				GCC_UNROLL_LOOPS = YES;
				GCC_WARN_ABOUT_DEPRECATED_FUNCTIONS = YES;
				GCC_WARN_ABOUT_INVALID_OFFSETOF_MACRO = NO;
				GCC_WARN_ALLOW_INCOMPLETE_PROTOCOL = NO;
				GCC_WARN_UNINITIALIZED_AUTOS = NO;
				GCC_WARN_UNUSED_VALUE = NO;
				GCC_WARN_UNUSED_VARIABLE = NO;
				MACOSX_DEPLOYMENT_TARGET = 10.7;
				OTHER_CPLUSPLUSFLAGS = (
					"-D__MACOSX_CORE__",
					"-lpthread",
					"-mtune=native",
				);
				SDKROOT = macosx;
			};
			name = Release;
		};
		E4B69B600A3A1757003C02F2 /* Debug */ = {
			isa = XCBuildConfiguration;
			buildSettings = {
				COMBINE_HIDPI_IMAGES = YES;
				COPY_PHASE_STRIP = NO;
				FRAMEWORK_SEARCH_PATHS = (
					"$(inherited)",
					"$(FRAMEWORK_SEARCH_PATHS_QUOTED_FOR_TARGET_1)",
				);
				FRAMEWORK_SEARCH_PATHS_QUOTED_FOR_TARGET_1 = "\"$(SRCROOT)/../../../libs/glut/lib/osx\"";
				GCC_DYNAMIC_NO_PIC = NO;
				GCC_GENERATE_DEBUGGING_SYMBOLS = YES;
				GCC_MODEL_TUNING = NONE;
				HEADER_SEARCH_PATHS = (
					"$(OF_CORE_HEADERS)",
					"\"$(SRCROOT)/../../ofxOsc/libs/oscpack/src\"",
					"\"$(SRCROOT)/../../ofxCereal/libs/cereal/include\"",
				);
				ICON = "$(ICON_NAME_DEBUG)";
				ICON_FILE = "$(ICON_FILE_PATH)$(ICON)";
				INFOPLIST_FILE = "openFrameworks-Info.plist";
				INSTALL_PATH = "$(HOME)/Applications";
				LIBRARY_SEARCH_PATHS = (
					"$(inherited)",
					"$(LIBRARY_SEARCH_PATHS_QUOTED_FOR_TARGET_1)",
					"$(LIBRARY_SEARCH_PATHS_QUOTED_FOR_TARGET_2)",
					"$(LIBRARY_SEARCH_PATHS_QUOTED_FOR_TARGET_3)",
					"$(LIBRARY_SEARCH_PATHS_QUOTED_FOR_TARGET_4)",
					"$(LIBRARY_SEARCH_PATHS_QUOTED_FOR_TARGET_5)",
					"$(LIBRARY_SEARCH_PATHS_QUOTED_FOR_TARGET_6)",
					"$(LIBRARY_SEARCH_PATHS_QUOTED_FOR_TARGET_7)",
					"$(LIBRARY_SEARCH_PATHS_QUOTED_FOR_TARGET_8)",
					"$(LIBRARY_SEARCH_PATHS_QUOTED_FOR_TARGET_9)",
					"$(LIBRARY_SEARCH_PATHS_QUOTED_FOR_TARGET_10)",
					"$(LIBRARY_SEARCH_PATHS_QUOTED_FOR_TARGET_11)",
					"$(LIBRARY_SEARCH_PATHS_QUOTED_FOR_TARGET_12)",
					"$(LIBRARY_SEARCH_PATHS_QUOTED_FOR_TARGET_13)",
					"$(LIBRARY_SEARCH_PATHS_QUOTED_FOR_TARGET_14)",
					"$(LIBRARY_SEARCH_PATHS_QUOTED_FOR_TARGET_15)",
					"$(LIBRARY_SEARCH_PATHS_QUOTED_FOR_TARGET_2)",
					"$(LIBRARY_SEARCH_PATHS_QUOTED_FOR_TARGET_3)",
					"$(LIBRARY_SEARCH_PATHS_QUOTED_FOR_TARGET_7)",
					"$(LIBRARY_SEARCH_PATHS_QUOTED_FOR_TARGET_8)",
					"$(LIBRARY_SEARCH_PATHS_QUOTED_FOR_TARGET_9)",
					"$(LIBRARY_SEARCH_PATHS_QUOTED_FOR_TARGET_10)",
					"$(LIBRARY_SEARCH_PATHS_QUOTED_FOR_TARGET_11)",
					"$(LIBRARY_SEARCH_PATHS_QUOTED_FOR_TARGET_12)",
					"$(LIBRARY_SEARCH_PATHS_QUOTED_FOR_TARGET_13)",
					"$(LIBRARY_SEARCH_PATHS_QUOTED_FOR_TARGET_16)",
					"$(LIBRARY_SEARCH_PATHS_QUOTED_FOR_TARGET_17)",
					"$(LIBRARY_SEARCH_PATHS_QUOTED_FOR_TARGET_18)",
					"$(LIBRARY_SEARCH_PATHS_QUOTED_FOR_TARGET_19)",
					"$(LIBRARY_SEARCH_PATHS_QUOTED_FOR_TARGET_20)",
					"$(LIBRARY_SEARCH_PATHS_QUOTED_FOR_TARGET_21)",
					"$(LIBRARY_SEARCH_PATHS_QUOTED_FOR_TARGET_22)",
					"$(LIBRARY_SEARCH_PATHS_QUOTED_FOR_TARGET_23)",
					"$(LIBRARY_SEARCH_PATHS_QUOTED_FOR_TARGET_24)",
					"$(LIBRARY_SEARCH_PATHS_QUOTED_FOR_TARGET_25)",
					"$(LIBRARY_SEARCH_PATHS_QUOTED_FOR_TARGET_26)",
					"$(LIBRARY_SEARCH_PATHS_QUOTED_FOR_TARGET_27)",
					"$(LIBRARY_SEARCH_PATHS_QUOTED_FOR_TARGET_28)",
					"$(LIBRARY_SEARCH_PATHS_QUOTED_FOR_TARGET_29)",
					"$(LIBRARY_SEARCH_PATHS_QUOTED_FOR_TARGET_30)",
					"$(LIBRARY_SEARCH_PATHS_QUOTED_FOR_TARGET_31)",
					"$(LIBRARY_SEARCH_PATHS_QUOTED_FOR_TARGET_32)",
					"$(LIBRARY_SEARCH_PATHS_QUOTED_FOR_TARGET_33)",
					"$(LIBRARY_SEARCH_PATHS_QUOTED_FOR_TARGET_34)",
					"$(LIBRARY_SEARCH_PATHS_QUOTED_FOR_TARGET_35)",
					"$(LIBRARY_SEARCH_PATHS_QUOTED_FOR_TARGET_36)",
					"$(LIBRARY_SEARCH_PATHS_QUOTED_FOR_TARGET_37)",
					"$(LIBRARY_SEARCH_PATHS_QUOTED_FOR_TARGET_38)",
					"$(LIBRARY_SEARCH_PATHS_QUOTED_FOR_TARGET_39)",
					"$(LIBRARY_SEARCH_PATHS_QUOTED_FOR_TARGET_40)",
					"$(LIBRARY_SEARCH_PATHS_QUOTED_FOR_TARGET_41)",
					"$(LIBRARY_SEARCH_PATHS_QUOTED_FOR_TARGET_42)",
					"$(LIBRARY_SEARCH_PATHS_QUOTED_FOR_TARGET_43)",
					"$(LIBRARY_SEARCH_PATHS_QUOTED_FOR_TARGET_44)",
					"$(LIBRARY_SEARCH_PATHS_QUOTED_FOR_TARGET_45)",
					"$(LIBRARY_SEARCH_PATHS_QUOTED_FOR_TARGET_46)",
					"$(LIBRARY_SEARCH_PATHS_QUOTED_FOR_TARGET_47)",
					"$(LIBRARY_SEARCH_PATHS_QUOTED_FOR_TARGET_48)",
					"$(LIBRARY_SEARCH_PATHS_QUOTED_FOR_TARGET_49)",
					"$(LIBRARY_SEARCH_PATHS_QUOTED_FOR_TARGET_50)",
					"$(LIBRARY_SEARCH_PATHS_QUOTED_FOR_TARGET_51)",
					"$(LIBRARY_SEARCH_PATHS_QUOTED_FOR_TARGET_52)",
				);
				PRODUCT_NAME = "$(TARGET_NAME)Debug";
				WRAPPER_EXTENSION = app;
			};
			name = Debug;
		};
		E4B69B610A3A1757003C02F2 /* Release */ = {
			isa = XCBuildConfiguration;
			buildSettings = {
				COMBINE_HIDPI_IMAGES = YES;
				COPY_PHASE_STRIP = YES;
				FRAMEWORK_SEARCH_PATHS = (
					"$(inherited)",
					"$(FRAMEWORK_SEARCH_PATHS_QUOTED_FOR_TARGET_1)",
				);
				FRAMEWORK_SEARCH_PATHS_QUOTED_FOR_TARGET_1 = "\"$(SRCROOT)/../../../libs/glut/lib/osx\"";
				GCC_GENERATE_DEBUGGING_SYMBOLS = YES;
				GCC_MODEL_TUNING = NONE;
				HEADER_SEARCH_PATHS = (
					"$(OF_CORE_HEADERS)",
					"\"$(SRCROOT)/../../ofxOsc/libs/oscpack/src\"",
					"\"$(SRCROOT)/../../ofxCereal/libs/cereal/include\"",
				);
				ICON = "$(ICON_NAME_RELEASE)";
				ICON_FILE = "$(ICON_FILE_PATH)$(ICON)";
				INFOPLIST_FILE = "openFrameworks-Info.plist";
				INSTALL_PATH = "$(HOME)/Applications";
				LIBRARY_SEARCH_PATHS = (
					"$(inherited)",
					"$(LIBRARY_SEARCH_PATHS_QUOTED_FOR_TARGET_1)",
					"$(LIBRARY_SEARCH_PATHS_QUOTED_FOR_TARGET_2)",
					"$(LIBRARY_SEARCH_PATHS_QUOTED_FOR_TARGET_3)",
					"$(LIBRARY_SEARCH_PATHS_QUOTED_FOR_TARGET_4)",
					"$(LIBRARY_SEARCH_PATHS_QUOTED_FOR_TARGET_5)",
					"$(LIBRARY_SEARCH_PATHS_QUOTED_FOR_TARGET_6)",
					"$(LIBRARY_SEARCH_PATHS_QUOTED_FOR_TARGET_7)",
					"$(LIBRARY_SEARCH_PATHS_QUOTED_FOR_TARGET_8)",
					"$(LIBRARY_SEARCH_PATHS_QUOTED_FOR_TARGET_9)",
					"$(LIBRARY_SEARCH_PATHS_QUOTED_FOR_TARGET_10)",
					"$(LIBRARY_SEARCH_PATHS_QUOTED_FOR_TARGET_11)",
					"$(LIBRARY_SEARCH_PATHS_QUOTED_FOR_TARGET_12)",
					"$(LIBRARY_SEARCH_PATHS_QUOTED_FOR_TARGET_13)",
					"$(LIBRARY_SEARCH_PATHS_QUOTED_FOR_TARGET_14)",
					"$(LIBRARY_SEARCH_PATHS_QUOTED_FOR_TARGET_15)",
					"$(LIBRARY_SEARCH_PATHS_QUOTED_FOR_TARGET_2)",
					"$(LIBRARY_SEARCH_PATHS_QUOTED_1)",
					"$(LIBRARY_SEARCH_PATHS_QUOTED_FOR_TARGET_3)",
					"$(LIBRARY_SEARCH_PATHS_QUOTED_FOR_TARGET_7)",
					"$(LIBRARY_SEARCH_PATHS_QUOTED_FOR_TARGET_8)",
					"$(LIBRARY_SEARCH_PATHS_QUOTED_FOR_TARGET_9)",
					"$(LIBRARY_SEARCH_PATHS_QUOTED_FOR_TARGET_10)",
					"$(LIBRARY_SEARCH_PATHS_QUOTED_FOR_TARGET_11)",
					"$(LIBRARY_SEARCH_PATHS_QUOTED_FOR_TARGET_12)",
					"$(LIBRARY_SEARCH_PATHS_QUOTED_FOR_TARGET_13)",
					"$(LIBRARY_SEARCH_PATHS_QUOTED_FOR_TARGET_16)",
					"$(LIBRARY_SEARCH_PATHS_QUOTED_FOR_TARGET_17)",
					"$(LIBRARY_SEARCH_PATHS_QUOTED_FOR_TARGET_18)",
					"$(LIBRARY_SEARCH_PATHS_QUOTED_FOR_TARGET_19)",
					"$(LIBRARY_SEARCH_PATHS_QUOTED_FOR_TARGET_20)",
					"$(LIBRARY_SEARCH_PATHS_QUOTED_FOR_TARGET_21)",
					"$(LIBRARY_SEARCH_PATHS_QUOTED_FOR_TARGET_22)",
					"$(LIBRARY_SEARCH_PATHS_QUOTED_FOR_TARGET_23)",
					"$(LIBRARY_SEARCH_PATHS_QUOTED_FOR_TARGET_24)",
					"$(LIBRARY_SEARCH_PATHS_QUOTED_FOR_TARGET_25)",
					"$(LIBRARY_SEARCH_PATHS_QUOTED_FOR_TARGET_26)",
					"$(LIBRARY_SEARCH_PATHS_QUOTED_FOR_TARGET_27)",
					"$(LIBRARY_SEARCH_PATHS_QUOTED_FOR_TARGET_28)",
					"$(LIBRARY_SEARCH_PATHS_QUOTED_FOR_TARGET_29)",
					"$(LIBRARY_SEARCH_PATHS_QUOTED_FOR_TARGET_30)",
					"$(LIBRARY_SEARCH_PATHS_QUOTED_FOR_TARGET_31)",
					"$(LIBRARY_SEARCH_PATHS_QUOTED_FOR_TARGET_32)",
					"$(LIBRARY_SEARCH_PATHS_QUOTED_FOR_TARGET_33)",
					"$(LIBRARY_SEARCH_PATHS_QUOTED_FOR_TARGET_34)",
					"$(LIBRARY_SEARCH_PATHS_QUOTED_FOR_TARGET_35)",
					"$(LIBRARY_SEARCH_PATHS_QUOTED_FOR_TARGET_36)",
					"$(LIBRARY_SEARCH_PATHS_QUOTED_FOR_TARGET_37)",
					"$(LIBRARY_SEARCH_PATHS_QUOTED_FOR_TARGET_38)",
					"$(LIBRARY_SEARCH_PATHS_QUOTED_FOR_TARGET_39)",
					"$(LIBRARY_SEARCH_PATHS_QUOTED_FOR_TARGET_40)",
					"$(LIBRARY_SEARCH_PATHS_QUOTED_FOR_TARGET_41)",
					"$(LIBRARY_SEARCH_PATHS_QUOTED_FOR_TARGET_42)",
					"$(LIBRARY_SEARCH_PATHS_QUOTED_FOR_TARGET_43)",
					"$(LIBRARY_SEARCH_PATHS_QUOTED_FOR_TARGET_44)",
					"$(LIBRARY_SEARCH_PATHS_QUOTED_FOR_TARGET_45)",
					"$(LIBRARY_SEARCH_PATHS_QUOTED_FOR_TARGET_46)",
					"$(LIBRARY_SEARCH_PATHS_QUOTED_FOR_TARGET_47)",
					"$(LIBRARY_SEARCH_PATHS_QUOTED_FOR_TARGET_48)",
					"$(LIBRARY_SEARCH_PATHS_QUOTED_FOR_TARGET_49)",
					"$(LIBRARY_SEARCH_PATHS_QUOTED_FOR_TARGET_50)",
					"$(LIBRARY_SEARCH_PATHS_QUOTED_FOR_TARGET_51)",
				);
				PRODUCT_NAME = "$(TARGET_NAME)";
				WRAPPER_EXTENSION = app;
			};
			name = Release;
		};
/* End XCBuildConfiguration section */

/* Begin XCConfigurationList section */
		E4B69B4D0A3A1720003C02F2 /* Build configuration list for PBXProject "example" */ = {
			isa = XCConfigurationList;
			buildConfigurations = (
				E4B69B4E0A3A1720003C02F2 /* Debug */,
				E4B69B4F0A3A1720003C02F2 /* Release */,
			);
			defaultConfigurationIsVisible = 0;
			defaultConfigurationName = Release;
		};
		E4B69B5F0A3A1757003C02F2 /* Build configuration list for PBXNativeTarget "example" */ = {
			isa = XCConfigurationList;
			buildConfigurations = (
				E4B69B600A3A1757003C02F2 /* Debug */,
				E4B69B610A3A1757003C02F2 /* Release */,
			);
			defaultConfigurationIsVisible = 0;
			defaultConfigurationName = Release;
		};
/* End XCConfigurationList section */
	};
	rootObject = E4B69B4C0A3A1720003C02F2 /* Project object */;
}
